
Microsoft Visual Studio Solution File, Format Version 12.00
# Visual Studio Version 16
VisualStudioVersion = 16.0.29020.237
MinimumVisualStudioVersion = 10.0.40219.1
Project("{FAE04EC0-301F-11D3-BF4B-00C04F79EFBC}") = "picture_a", "picture_a.csproj", "{881C3A34-CA86-48E5-BA4F-30FBC2A3146D}"
EndProject
Global
	GlobalSection(SolutionConfigurationPlatforms) = preSolution
		Debug|Any CPU = Debug|Any CPU
		Release|Any CPU = Release|Any CPU
	EndGlobalSection
	GlobalSection(ProjectConfigurationPlatforms) = postSolution
		{881C3A34-CA86-48E5-BA4F-30FBC2A3146D}.Debug|Any CPU.ActiveCfg = Debug|Any CPU
		{881C3A34-CA86-48E5-BA4F-30FBC2A3146D}.Debug|Any CPU.Build.0 = Debug|Any CPU
		{881C3A34-CA86-48E5-BA4F-30FBC2A3146D}.Release|Any CPU.ActiveCfg = Release|Any CPU
		{881C3A34-CA86-48E5-BA4F-30FBC2A3146D}.Release|Any CPU.Build.0 = Release|Any CPU
	EndGlobalSection
	GlobalSection(SolutionProperties) = preSolution
		HideSolutionNode = FALSE
	EndGlobalSection
	GlobalSection(ExtensibilityGlobals) = postSolution
		SolutionGuid = {F24278C3-B34C-4DD6-931D-D7531486FE5E}
	EndGlobalSection
EndGlobal
